// !$*UTF8*$!
{
	archiveVersion = 1;
	classes = {
	};
	objectVersion = 56;
	objects = {

/* Begin PBXBuildFile section */
		9B57C90D2B9ADAD000129AB7 /* Articles_SwiftUIApp.swift in Sources */ = {isa = PBXBuildFile; fileRef = 9B57C90C2B9ADAD000129AB7 /* Articles_SwiftUIApp.swift */; };
		9B57C9112B9ADAD200129AB7 /* Assets.xcassets in Resources */ = {isa = PBXBuildFile; fileRef = 9B57C9102B9ADAD200129AB7 /* Assets.xcassets */; };
		9B57C9142B9ADAD200129AB7 /* Preview Assets.xcassets in Resources */ = {isa = PBXBuildFile; fileRef = 9B57C9132B9ADAD200129AB7 /* Preview Assets.xcassets */; };
		9B57C92B2B9ADAFF00129AB7 /* SearchItemView.swift in Sources */ = {isa = PBXBuildFile; fileRef = 9B57C91B2B9ADAFF00129AB7 /* SearchItemView.swift */; };
		9B57C92D2B9ADAFF00129AB7 /* ArticleDetailsView.swift in Sources */ = {isa = PBXBuildFile; fileRef = 9B57C91D2B9ADAFF00129AB7 /* ArticleDetailsView.swift */; };
		9B57C92E2B9ADAFF00129AB7 /* ContentView.swift in Sources */ = {isa = PBXBuildFile; fileRef = 9B57C91E2B9ADAFF00129AB7 /* ContentView.swift */; };
		9B57C92F2B9ADAFF00129AB7 /* HomeViewModel.swift in Sources */ = {isa = PBXBuildFile; fileRef = 9B57C9202B9ADAFF00129AB7 /* HomeViewModel.swift */; };
		9B57C9302B9ADAFF00129AB7 /* ImageLoaderService.swift in Sources */ = {isa = PBXBuildFile; fileRef = 9B57C9222B9ADAFF00129AB7 /* ImageLoaderService.swift */; };
		9B57C9312B9ADAFF00129AB7 /* CombineAPIService.swift in Sources */ = {isa = PBXBuildFile; fileRef = 9B57C9232B9ADAFF00129AB7 /* CombineAPIService.swift */; };
		9B57C9322B9ADAFF00129AB7 /* APIServiceProtocol.swift in Sources */ = {isa = PBXBuildFile; fileRef = 9B57C9242B9ADAFF00129AB7 /* APIServiceProtocol.swift */; };
		9B57C9332B9ADAFF00129AB7 /* AsyncAwaitAPIService.swift in Sources */ = {isa = PBXBuildFile; fileRef = 9B57C9252B9ADAFF00129AB7 /* AsyncAwaitAPIService.swift */; };
		9B57C9342B9ADAFF00129AB7 /* News.swift in Sources */ = {isa = PBXBuildFile; fileRef = 9B57C9272B9ADAFF00129AB7 /* News.swift */; };
		9B57C9352B9ADAFF00129AB7 /* ArticleError.swift in Sources */ = {isa = PBXBuildFile; fileRef = 9B57C9292B9ADAFF00129AB7 /* ArticleError.swift */; };
		9B57C9362B9ADAFF00129AB7 /* CustomImageView.swift in Sources */ = {isa = PBXBuildFile; fileRef = 9B57C92A2B9ADAFF00129AB7 /* CustomImageView.swift */; };
		9B57C9382B9ADBC800129AB7 /* Article.swift in Sources */ = {isa = PBXBuildFile; fileRef = 9B57C9372B9ADBC800129AB7 /* Article.swift */; };
/* End PBXBuildFile section */

/* Begin PBXFileReference section */
		9B57C9092B9ADAD000129AB7 /* Articles_SwiftUI.app */ = {isa = PBXFileReference; explicitFileType = wrapper.application; includeInIndex = 0; path = Articles_SwiftUI.app; sourceTree = BUILT_PRODUCTS_DIR; };
		9B57C90C2B9ADAD000129AB7 /* Articles_SwiftUIApp.swift */ = {isa = PBXFileReference; lastKnownFileType = sourcecode.swift; path = Articles_SwiftUIApp.swift; sourceTree = "<group>"; };
		9B57C9102B9ADAD200129AB7 /* Assets.xcassets */ = {isa = PBXFileReference; lastKnownFileType = folder.assetcatalog; path = Assets.xcassets; sourceTree = "<group>"; };
		9B57C9132B9ADAD200129AB7 /* Preview Assets.xcassets */ = {isa = PBXFileReference; lastKnownFileType = folder.assetcatalog; path = "Preview Assets.xcassets"; sourceTree = "<group>"; };
		9B57C91B2B9ADAFF00129AB7 /* SearchItemView.swift */ = {isa = PBXFileReference; fileEncoding = 4; lastKnownFileType = sourcecode.swift; path = SearchItemView.swift; sourceTree = "<group>"; };
		9B57C91D2B9ADAFF00129AB7 /* ArticleDetailsView.swift */ = {isa = PBXFileReference; fileEncoding = 4; lastKnownFileType = sourcecode.swift; path = ArticleDetailsView.swift; sourceTree = "<group>"; };
		9B57C91E2B9ADAFF00129AB7 /* ContentView.swift */ = {isa = PBXFileReference; fileEncoding = 4; lastKnownFileType = sourcecode.swift; path = ContentView.swift; sourceTree = "<group>"; };
		9B57C9202B9ADAFF00129AB7 /* HomeViewModel.swift */ = {isa = PBXFileReference; fileEncoding = 4; lastKnownFileType = sourcecode.swift; path = HomeViewModel.swift; sourceTree = "<group>"; };
		9B57C9222B9ADAFF00129AB7 /* ImageLoaderService.swift */ = {isa = PBXFileReference; fileEncoding = 4; lastKnownFileType = sourcecode.swift; path = ImageLoaderService.swift; sourceTree = "<group>"; };
		9B57C9232B9ADAFF00129AB7 /* CombineAPIService.swift */ = {isa = PBXFileReference; fileEncoding = 4; lastKnownFileType = sourcecode.swift; path = CombineAPIService.swift; sourceTree = "<group>"; };
		9B57C9242B9ADAFF00129AB7 /* APIServiceProtocol.swift */ = {isa = PBXFileReference; fileEncoding = 4; lastKnownFileType = sourcecode.swift; path = APIServiceProtocol.swift; sourceTree = "<group>"; };
		9B57C9252B9ADAFF00129AB7 /* AsyncAwaitAPIService.swift */ = {isa = PBXFileReference; fileEncoding = 4; lastKnownFileType = sourcecode.swift; path = AsyncAwaitAPIService.swift; sourceTree = "<group>"; };
		9B57C9272B9ADAFF00129AB7 /* News.swift */ = {isa = PBXFileReference; fileEncoding = 4; lastKnownFileType = sourcecode.swift; path = News.swift; sourceTree = "<group>"; };
		9B57C9292B9ADAFF00129AB7 /* ArticleError.swift */ = {isa = PBXFileReference; fileEncoding = 4; lastKnownFileType = sourcecode.swift; path = ArticleError.swift; sourceTree = "<group>"; };
		9B57C92A2B9ADAFF00129AB7 /* CustomImageView.swift */ = {isa = PBXFileReference; fileEncoding = 4; lastKnownFileType = sourcecode.swift; path = CustomImageView.swift; sourceTree = "<group>"; };
		9B57C9372B9ADBC800129AB7 /* Article.swift */ = {isa = PBXFileReference; lastKnownFileType = sourcecode.swift; path = Article.swift; sourceTree = "<group>"; };
		9BA4C4E92B9AEF3100F958C0 /* Swift-UML-Diagram-MVVM.png */ = {isa = PBXFileReference; lastKnownFileType = image.png; path = "Swift-UML-Diagram-MVVM.png"; sourceTree = SOURCE_ROOT; };
		9BA4C4EB2B9AEF3F00F958C0 /* Details-Screen.png */ = {isa = PBXFileReference; lastKnownFileType = image.png; path = "Details-Screen.png"; sourceTree = SOURCE_ROOT; };
		9BA4C4EC2B9AEF4C00F958C0 /* Listing-screen.png */ = {isa = PBXFileReference; lastKnownFileType = image.png; path = "Listing-screen.png"; sourceTree = SOURCE_ROOT; };
/* End PBXFileReference section */

/* Begin PBXFrameworksBuildPhase section */
		9B57C9062B9ADAD000129AB7 /* Frameworks */ = {
			isa = PBXFrameworksBuildPhase;
			buildActionMask = 2147483647;
			files = (
			);
			runOnlyForDeploymentPostprocessing = 0;
		};
/* End PBXFrameworksBuildPhase section */

/* Begin PBXGroup section */
		9B57C9002B9ADAD000129AB7 = {
			isa = PBXGroup;
			children = (
				9B57C90B2B9ADAD000129AB7 /* Articles_SwiftUI */,
				9B57C90A2B9ADAD000129AB7 /* Products */,
			);
			sourceTree = "<group>";
		};
		9B57C90A2B9ADAD000129AB7 /* Products */ = {
			isa = PBXGroup;
			children = (
				9B57C9092B9ADAD000129AB7 /* Articles_SwiftUI.app */,
			);
			name = Products;
			sourceTree = "<group>";
		};
		9B57C90B2B9ADAD000129AB7 /* Articles_SwiftUI */ = {
			isa = PBXGroup;
			children = (
				9B57C9262B9ADAFF00129AB7 /* Model */,
				9B57C91A2B9ADAFF00129AB7 /* View */,
				9B57C91F2B9ADAFF00129AB7 /* ViewModel */,
				9B57C9282B9ADAFF00129AB7 /* Utitlies */,
				9B57C90C2B9ADAD000129AB7 /* Articles_SwiftUIApp.swift */,
				9B57C9102B9ADAD200129AB7 /* Assets.xcassets */,
				9B57C9122B9ADAD200129AB7 /* Preview Content */,
			);
			path = Articles_SwiftUI;
			sourceTree = "<group>";
		};
		9B57C9122B9ADAD200129AB7 /* Preview Content */ = {
			isa = PBXGroup;
			children = (
				9B57C9132B9ADAD200129AB7 /* Preview Assets.xcassets */,
			);
			path = "Preview Content";
			sourceTree = "<group>";
		};
		9B57C91A2B9ADAFF00129AB7 /* View */ = {
			isa = PBXGroup;
			children = (
				9B57C91B2B9ADAFF00129AB7 /* SearchItemView.swift */,
				9B57C91D2B9ADAFF00129AB7 /* ArticleDetailsView.swift */,
				9B57C91E2B9ADAFF00129AB7 /* ContentView.swift */,
			);
			path = View;
			sourceTree = "<group>";
		};
		9B57C91F2B9ADAFF00129AB7 /* ViewModel */ = {
			isa = PBXGroup;
			children = (
				9B57C9202B9ADAFF00129AB7 /* HomeViewModel.swift */,
			);
			path = ViewModel;
			sourceTree = "<group>";
		};
		9B57C9212B9ADAFF00129AB7 /* NetworkService */ = {
			isa = PBXGroup;
			children = (
				9B57C9222B9ADAFF00129AB7 /* ImageLoaderService.swift */,
				9B57C9242B9ADAFF00129AB7 /* APIServiceProtocol.swift */,
				9B57C9252B9ADAFF00129AB7 /* AsyncAwaitAPIService.swift */,
				9B57C9232B9ADAFF00129AB7 /* CombineAPIService.swift */,
			);
			path = NetworkService;
			sourceTree = "<group>";
		};
		9B57C9262B9ADAFF00129AB7 /* Model */ = {
			isa = PBXGroup;
			children = (
				9B57C9272B9ADAFF00129AB7 /* News.swift */,
				9B57C9372B9ADBC800129AB7 /* Article.swift */,
			);
			path = Model;
			sourceTree = "<group>";
		};
		9B57C9282B9ADAFF00129AB7 /* Utitlies */ = {
			isa = PBXGroup;
			children = (
				9BA4C4EC2B9AEF4C00F958C0 /* Listing-screen.png */,
				9BA4C4EB2B9AEF3F00F958C0 /* Details-Screen.png */,
				9BA4C4E92B9AEF3100F958C0 /* Swift-UML-Diagram-MVVM.png */,
				9B57C9212B9ADAFF00129AB7 /* NetworkService */,
				9B57C9292B9ADAFF00129AB7 /* ArticleError.swift */,
				9B57C92A2B9ADAFF00129AB7 /* CustomImageView.swift */,
			);
			path = Utitlies;
			sourceTree = "<group>";
		};
/* End PBXGroup section */

/* Begin PBXNativeTarget section */
		9B57C9082B9ADAD000129AB7 /* Articles_SwiftUI */ = {
			isa = PBXNativeTarget;
			buildConfigurationList = 9B57C9172B9ADAD200129AB7 /* Build configuration list for PBXNativeTarget "Articles_SwiftUI" */;
			buildPhases = (
				9B57C9052B9ADAD000129AB7 /* Sources */,
				9B57C9062B9ADAD000129AB7 /* Frameworks */,
				9B57C9072B9ADAD000129AB7 /* Resources */,
			);
			buildRules = (
			);
			dependencies = (
			);
			name = Articles_SwiftUI;
			productName = Articles_SwiftUI;
			productReference = 9B57C9092B9ADAD000129AB7 /* Articles_SwiftUI.app */;
			productType = "com.apple.product-type.application";
		};
/* End PBXNativeTarget section */

/* Begin PBXProject section */
		9B57C9012B9ADAD000129AB7 /* Project object */ = {
			isa = PBXProject;
			attributes = {
				BuildIndependentTargetsInParallel = 1;
				LastSwiftUpdateCheck = 1420;
				LastUpgradeCheck = 1420;
				TargetAttributes = {
					9B57C9082B9ADAD000129AB7 = {
						CreatedOnToolsVersion = 14.2;
					};
				};
			};
			buildConfigurationList = 9B57C9042B9ADAD000129AB7 /* Build configuration list for PBXProject "Articles_SwiftUI" */;
			compatibilityVersion = "Xcode 14.0";
			developmentRegion = en;
			hasScannedForEncodings = 0;
			knownRegions = (
				en,
				Base,
			);
			mainGroup = 9B57C9002B9ADAD000129AB7;
			productRefGroup = 9B57C90A2B9ADAD000129AB7 /* Products */;
			projectDirPath = "";
			projectRoot = "";
			targets = (
				9B57C9082B9ADAD000129AB7 /* Articles_SwiftUI */,
			);
		};
/* End PBXProject section */

/* Begin PBXResourcesBuildPhase section */
		9B57C9072B9ADAD000129AB7 /* Resources */ = {
			isa = PBXResourcesBuildPhase;
			buildActionMask = 2147483647;
			files = (
				9B57C9142B9ADAD200129AB7 /* Preview Assets.xcassets in Resources */,
				9B57C9112B9ADAD200129AB7 /* Assets.xcassets in Resources */,
			);
			runOnlyForDeploymentPostprocessing = 0;
		};
/* End PBXResourcesBuildPhase section */

/* Begin PBXSourcesBuildPhase section */
		9B57C9052B9ADAD000129AB7 /* Sources */ = {
			isa = PBXSourcesBuildPhase;
			buildActionMask = 2147483647;
			files = (
				9B57C9382B9ADBC800129AB7 /* Article.swift in Sources */,
				9B57C9312B9ADAFF00129AB7 /* CombineAPIService.swift in Sources */,
				9B57C9362B9ADAFF00129AB7 /* CustomImageView.swift in Sources */,
				9B57C92F2B9ADAFF00129AB7 /* HomeViewModel.swift in Sources */,
				9B57C92E2B9ADAFF00129AB7 /* ContentView.swift in Sources */,
				9B57C9332B9ADAFF00129AB7 /* AsyncAwaitAPIService.swift in Sources */,
				9B57C9342B9ADAFF00129AB7 /* News.swift in Sources */,
				9B57C9352B9ADAFF00129AB7 /* ArticleError.swift in Sources */,
				9B57C92D2B9ADAFF00129AB7 /* ArticleDetailsView.swift in Sources */,
				9B57C90D2B9ADAD000129AB7 /* Articles_SwiftUIApp.swift in Sources */,
				9B57C9302B9ADAFF00129AB7 /* ImageLoaderService.swift in Sources */,
				9B57C9322B9ADAFF00129AB7 /* APIServiceProtocol.swift in Sources */,
				9B57C92B2B9ADAFF00129AB7 /* SearchItemView.swift in Sources */,
			);
			runOnlyForDeploymentPostprocessing = 0;
		};
/* End PBXSourcesBuildPhase section */

/* Begin XCBuildConfiguration section */
		9B57C9152B9ADAD200129AB7 /* Debug */ = {
			isa = XCBuildConfiguration;
			buildSettings = {
				ALWAYS_SEARCH_USER_PATHS = NO;
				CLANG_ANALYZER_NONNULL = YES;
				CLANG_ANALYZER_NUMBER_OBJECT_CONVERSION = YES_AGGRESSIVE;
				CLANG_CXX_LANGUAGE_STANDARD = "gnu++20";
				CLANG_ENABLE_MODULES = YES;
				CLANG_ENABLE_OBJC_ARC = YES;
				CLANG_ENABLE_OBJC_WEAK = YES;
				CLANG_WARN_BLOCK_CAPTURE_AUTORELEASING = YES;
				CLANG_WARN_BOOL_CONVERSION = YES;
				CLANG_WARN_COMMA = YES;
				CLANG_WARN_CONSTANT_CONVERSION = YES;
				CLANG_WARN_DEPRECATED_OBJC_IMPLEMENTATIONS = YES;
				CLANG_WARN_DIRECT_OBJC_ISA_USAGE = YES_ERROR;
				CLANG_WARN_DOCUMENTATION_COMMENTS = YES;
				CLANG_WARN_EMPTY_BODY = YES;
				CLANG_WARN_ENUM_CONVERSION = YES;
				CLANG_WARN_INFINITE_RECURSION = YES;
				CLANG_WARN_INT_CONVERSION = YES;
				CLANG_WARN_NON_LITERAL_NULL_CONVERSION = YES;
				CLANG_WARN_OBJC_IMPLICIT_RETAIN_SELF = YES;
				CLANG_WARN_OBJC_LITERAL_CONVERSION = YES;
				CLANG_WARN_OBJC_ROOT_CLASS = YES_ERROR;
				CLANG_WARN_QUOTED_INCLUDE_IN_FRAMEWORK_HEADER = YES;
				CLANG_WARN_RANGE_LOOP_ANALYSIS = YES;
				CLANG_WARN_STRICT_PROTOTYPES = YES;
				CLANG_WARN_SUSPICIOUS_MOVE = YES;
				CLANG_WARN_UNGUARDED_AVAILABILITY = YES_AGGRESSIVE;
				CLANG_WARN_UNREACHABLE_CODE = YES;
				CLANG_WARN__DUPLICATE_METHOD_MATCH = YES;
				COPY_PHASE_STRIP = NO;
				DEBUG_INFORMATION_FORMAT = dwarf;
				ENABLE_STRICT_OBJC_MSGSEND = YES;
				ENABLE_TESTABILITY = YES;
				GCC_C_LANGUAGE_STANDARD = gnu11;
				GCC_DYNAMIC_NO_PIC = NO;
				GCC_NO_COMMON_BLOCKS = YES;
				GCC_OPTIMIZATION_LEVEL = 0;
				GCC_PREPROCESSOR_DEFINITIONS = (
					"DEBUG=1",
					"$(inherited)",
				);
				GCC_WARN_64_TO_32_BIT_CONVERSION = YES;
				GCC_WARN_ABOUT_RETURN_TYPE = YES_ERROR;
				GCC_WARN_UNDECLARED_SELECTOR = YES;
				GCC_WARN_UNINITIALIZED_AUTOS = YES_AGGRESSIVE;
				GCC_WARN_UNUSED_FUNCTION = YES;
				GCC_WARN_UNUSED_VARIABLE = YES;
				IPHONEOS_DEPLOYMENT_TARGET = 15.0;
				MTL_ENABLE_DEBUG_INFO = INCLUDE_SOURCE;
				MTL_FAST_MATH = YES;
				ONLY_ACTIVE_ARCH = YES;
				SDKROOT = iphoneos;
				SWIFT_ACTIVE_COMPILATION_CONDITIONS = DEBUG;
				SWIFT_OPTIMIZATION_LEVEL = "-Onone";
			};
			name = Debug;
		};
		9B57C9162B9ADAD200129AB7 /* Release */ = {
			isa = XCBuildConfiguration;
			buildSettings = {
				ALWAYS_SEARCH_USER_PATHS = NO;
				CLANG_ANALYZER_NONNULL = YES;
				CLANG_ANALYZER_NUMBER_OBJECT_CONVERSION = YES_AGGRESSIVE;
				CLANG_CXX_LANGUAGE_STANDARD = "gnu++20";
				CLANG_ENABLE_MODULES = YES;
				CLANG_ENABLE_OBJC_ARC = YES;
				CLANG_ENABLE_OBJC_WEAK = YES;
				CLANG_WARN_BLOCK_CAPTURE_AUTORELEASING = YES;
				CLANG_WARN_BOOL_CONVERSION = YES;
				CLANG_WARN_COMMA = YES;
				CLANG_WARN_CONSTANT_CONVERSION = YES;
				CLANG_WARN_DEPRECATED_OBJC_IMPLEMENTATIONS = YES;
				CLANG_WARN_DIRECT_OBJC_ISA_USAGE = YES_ERROR;
				CLANG_WARN_DOCUMENTATION_COMMENTS = YES;
				CLANG_WARN_EMPTY_BODY = YES;
				CLANG_WARN_ENUM_CONVERSION = YES;
				CLANG_WARN_INFINITE_RECURSION = YES;
				CLANG_WARN_INT_CONVERSION = YES;
				CLANG_WARN_NON_LITERAL_NULL_CONVERSION = YES;
				CLANG_WARN_OBJC_IMPLICIT_RETAIN_SELF = YES;
				CLANG_WARN_OBJC_LITERAL_CONVERSION = YES;
				CLANG_WARN_OBJC_ROOT_CLASS = YES_ERROR;
				CLANG_WARN_QUOTED_INCLUDE_IN_FRAMEWORK_HEADER = YES;
				CLANG_WARN_RANGE_LOOP_ANALYSIS = YES;
				CLANG_WARN_STRICT_PROTOTYPES = YES;
				CLANG_WARN_SUSPICIOUS_MOVE = YES;
				CLANG_WARN_UNGUARDED_AVAILABILITY = YES_AGGRESSIVE;
				CLANG_WARN_UNREACHABLE_CODE = YES;
				CLANG_WARN__DUPLICATE_METHOD_MATCH = YES;
				COPY_PHASE_STRIP = NO;
				DEBUG_INFORMATION_FORMAT = "dwarf-with-dsym";
				ENABLE_NS_ASSERTIONS = NO;
				ENABLE_STRICT_OBJC_MSGSEND = YES;
				GCC_C_LANGUAGE_STANDARD = gnu11;
				GCC_NO_COMMON_BLOCKS = YES;
				GCC_WARN_64_TO_32_BIT_CONVERSION = YES;
				GCC_WARN_ABOUT_RETURN_TYPE = YES_ERROR;
				GCC_WARN_UNDECLARED_SELECTOR = YES;
				GCC_WARN_UNINITIALIZED_AUTOS = YES_AGGRESSIVE;
				GCC_WARN_UNUSED_FUNCTION = YES;
				GCC_WARN_UNUSED_VARIABLE = YES;
				IPHONEOS_DEPLOYMENT_TARGET = 15.0;
				MTL_ENABLE_DEBUG_INFO = NO;
				MTL_FAST_MATH = YES;
				SDKROOT = iphoneos;
				SWIFT_COMPILATION_MODE = wholemodule;
				SWIFT_OPTIMIZATION_LEVEL = "-O";
				VALIDATE_PRODUCT = YES;
			};
			name = Release;
		};
		9B57C9182B9ADAD200129AB7 /* Debug */ = {
			isa = XCBuildConfiguration;
			buildSettings = {
				ASSETCATALOG_COMPILER_APPICON_NAME = AppIcon;
				ASSETCATALOG_COMPILER_GLOBAL_ACCENT_COLOR_NAME = AccentColor;
				CODE_SIGN_STYLE = Automatic;
				CURRENT_PROJECT_VERSION = 1;
				DEVELOPMENT_ASSET_PATHS = "\"Articles_SwiftUI/Preview Content\"";
				ENABLE_PREVIEWS = YES;
				GENERATE_INFOPLIST_FILE = YES;
				INFOPLIST_KEY_UIApplicationSceneManifest_Generation = YES;
				INFOPLIST_KEY_UIApplicationSupportsIndirectInputEvents = YES;
				INFOPLIST_KEY_UILaunchScreen_Generation = YES;
				INFOPLIST_KEY_UISupportedInterfaceOrientations_iPad = "UIInterfaceOrientationPortrait UIInterfaceOrientationPortraitUpsideDown UIInterfaceOrientationLandscapeLeft UIInterfaceOrientationLandscapeRight";
				INFOPLIST_KEY_UISupportedInterfaceOrientations_iPhone = "UIInterfaceOrientationPortrait UIInterfaceOrientationLandscapeLeft UIInterfaceOrientationLandscapeRight";
				IPHONEOS_DEPLOYMENT_TARGET = 15.0;
				LD_RUNPATH_SEARCH_PATHS = (
					"$(inherited)",
					"@executable_path/Frameworks",
				);
				MARKETING_VERSION = 1.0;
				PRODUCT_BUNDLE_IDENTIFIER = "com.swifttest.app.Articles-SwiftUI";
				PRODUCT_NAME = "$(TARGET_NAME)";
				SWIFT_EMIT_LOC_STRINGS = YES;
				SWIFT_VERSION = 5.0;
				TARGETED_DEVICE_FAMILY = "1,2";
			};
			name = Debug;
		};
		9B57C9192B9ADAD200129AB7 /* Release */ = {
			isa = XCBuildConfiguration;
			buildSettings = {
				ASSETCATALOG_COMPILER_APPICON_NAME = AppIcon;
				ASSETCATALOG_COMPILER_GLOBAL_ACCENT_COLOR_NAME = AccentColor;
				CODE_SIGN_STYLE = Automatic;
				CURRENT_PROJECT_VERSION = 1;
				DEVELOPMENT_ASSET_PATHS = "\"Articles_SwiftUI/Preview Content\"";
				ENABLE_PREVIEWS = YES;
				GENERATE_INFOPLIST_FILE = YES;
				INFOPLIST_KEY_UIApplicationSceneManifest_Generation = YES;
				INFOPLIST_KEY_UIApplicationSupportsIndirectInputEvents = YES;
				INFOPLIST_KEY_UILaunchScreen_Generation = YES;
				INFOPLIST_KEY_UISupportedInterfaceOrientations_iPad = "UIInterfaceOrientationPortrait UIInterfaceOrientationPortraitUpsideDown UIInterfaceOrientationLandscapeLeft UIInterfaceOrientationLandscapeRight";
				INFOPLIST_KEY_UISupportedInterfaceOrientations_iPhone = "UIInterfaceOrientationPortrait UIInterfaceOrientationLandscapeLeft UIInterfaceOrientationLandscapeRight";
				IPHONEOS_DEPLOYMENT_TARGET = 15.0;
				LD_RUNPATH_SEARCH_PATHS = (
					"$(inherited)",
					"@executable_path/Frameworks",
				);
				MARKETING_VERSION = 1.0;
				PRODUCT_BUNDLE_IDENTIFIER = "com.swifttest.app.Articles-SwiftUI";
				PRODUCT_NAME = "$(TARGET_NAME)";
				SWIFT_EMIT_LOC_STRINGS = YES;
				SWIFT_VERSION = 5.0;
				TARGETED_DEVICE_FAMILY = "1,2";
			};
			name = Release;
		};
/* End XCBuildConfiguration section */

/* Begin XCConfigurationList section */
		9B57C9042B9ADAD000129AB7 /* Build configuration list for PBXProject "Articles_SwiftUI" */ = {
			isa = XCConfigurationList;
			buildConfigurations = (
				9B57C9152B9ADAD200129AB7 /* Debug */,
				9B57C9162B9ADAD200129AB7 /* Release */,
			);
			defaultConfigurationIsVisible = 0;
			defaultConfigurationName = Release;
		};
		9B57C9172B9ADAD200129AB7 /* Build configuration list for PBXNativeTarget "Articles_SwiftUI" */ = {
			isa = XCConfigurationList;
			buildConfigurations = (
				9B57C9182B9ADAD200129AB7 /* Debug */,
				9B57C9192B9ADAD200129AB7 /* Release */,
			);
			defaultConfigurationIsVisible = 0;
			defaultConfigurationName = Release;
		};
/* End XCConfigurationList section */
	};
	rootObject = 9B57C9012B9ADAD000129AB7 /* Project object */;
}
